// !$*UTF8*$!
{
	archiveVersion = 1;
	classes = {
	};
	objectVersion = 50;
	objects = {

/* Begin PBXBuildFile section */
		7DE20A0720D3E94300E10950 /* AppDelegate.swift in Sources */ = {isa = PBXBuildFile; fileRef = 7DE20A0620D3E94300E10950 /* AppDelegate.swift */; };
		7DE20A0920D3E94300E10950 /* ViewController.swift in Sources */ = {isa = PBXBuildFile; fileRef = 7DE20A0820D3E94300E10950 /* ViewController.swift */; };
		7DE20A0C20D3E94300E10950 /* Main.storyboard in Resources */ = {isa = PBXBuildFile; fileRef = 7DE20A0A20D3E94300E10950 /* Main.storyboard */; };
		7DE20A0E20D3E94400E10950 /* Assets.xcassets in Resources */ = {isa = PBXBuildFile; fileRef = 7DE20A0D20D3E94400E10950 /* Assets.xcassets */; };
		7DE20A1120D3E94400E10950 /* LaunchScreen.storyboard in Resources */ = {isa = PBXBuildFile; fileRef = 7DE20A0F20D3E94400E10950 /* LaunchScreen.storyboard */; };
		7DE20A1C20D3E94400E10950 /* WillkommenTests.swift in Sources */ = {isa = PBXBuildFile; fileRef = 7DE20A1B20D3E94400E10950 /* WillkommenTests.swift */; };
/* End PBXBuildFile section */

/* Begin PBXContainerItemProxy section */
		7DE20A1820D3E94400E10950 /* PBXContainerItemProxy */ = {
			isa = PBXContainerItemProxy;
			containerPortal = 7DE209FB20D3E94300E10950 /* Project object */;
			proxyType = 1;
			remoteGlobalIDString = 7DE20A0220D3E94300E10950;
			remoteInfo = Willkommen;
		};
/* End PBXContainerItemProxy section */

/* Begin PBXFileReference section */
		7DE20A0320D3E94300E10950 /* Willkommen.app */ = {isa = PBXFileReference; explicitFileType = wrapper.application; includeInIndex = 0; path = Willkommen.app; sourceTree = BUILT_PRODUCTS_DIR; };
		7DE20A0620D3E94300E10950 /* AppDelegate.swift */ = {isa = PBXFileReference; lastKnownFileType = sourcecode.swift; path = AppDelegate.swift; sourceTree = "<group>"; };
		7DE20A0820D3E94300E10950 /* ViewController.swift */ = {isa = PBXFileReference; lastKnownFileType = sourcecode.swift; path = ViewController.swift; sourceTree = "<group>"; };
		7DE20A0B20D3E94300E10950 /* Base */ = {isa = PBXFileReference; lastKnownFileType = file.storyboard; name = Base; path = Base.lproj/Main.storyboard; sourceTree = "<group>"; };
		7DE20A0D20D3E94400E10950 /* Assets.xcassets */ = {isa = PBXFileReference; lastKnownFileType = folder.assetcatalog; path = Assets.xcassets; sourceTree = "<group>"; };
		7DE20A1020D3E94400E10950 /* Base */ = {isa = PBXFileReference; lastKnownFileType = file.storyboard; name = Base; path = Base.lproj/LaunchScreen.storyboard; sourceTree = "<group>"; };
		7DE20A1220D3E94400E10950 /* Info.plist */ = {isa = PBXFileReference; lastKnownFileType = text.plist.xml; path = Info.plist; sourceTree = "<group>"; };
		7DE20A1720D3E94400E10950 /* WillkommenTests.xctest */ = {isa = PBXFileReference; explicitFileType = wrapper.cfbundle; includeInIndex = 0; path = WillkommenTests.xctest; sourceTree = BUILT_PRODUCTS_DIR; };
		7DE20A1B20D3E94400E10950 /* WillkommenTests.swift */ = {isa = PBXFileReference; lastKnownFileType = sourcecode.swift; path = WillkommenTests.swift; sourceTree = "<group>"; };
		7DE20A1D20D3E94400E10950 /* Info.plist */ = {isa = PBXFileReference; lastKnownFileType = text.plist.xml; path = Info.plist; sourceTree = "<group>"; };
/* End PBXFileReference section */

/* Begin PBXFrameworksBuildPhase section */
		7DE20A0020D3E94300E10950 /* Frameworks */ = {
			isa = PBXFrameworksBuildPhase;
			buildActionMask = 2147483647;
			files = (
			);
			runOnlyForDeploymentPostprocessing = 0;
		};
		7DE20A1420D3E94400E10950 /* Frameworks */ = {
			isa = PBXFrameworksBuildPhase;
			buildActionMask = 2147483647;
			files = (
			);
			runOnlyForDeploymentPostprocessing = 0;
		};
/* End PBXFrameworksBuildPhase section */

/* Begin PBXGroup section */
		7DE209FA20D3E94300E10950 = {
			isa = PBXGroup;
			children = (
				7DE20A0520D3E94300E10950 /* Willkommen */,
				7DE20A1A20D3E94400E10950 /* WillkommenTests */,
				7DE20A0420D3E94300E10950 /* Products */,
			);
			sourceTree = "<group>";
		};
		7DE20A0420D3E94300E10950 /* Products */ = {
			isa = PBXGroup;
			children = (
				7DE20A0320D3E94300E10950 /* Willkommen.app */,
				7DE20A1720D3E94400E10950 /* WillkommenTests.xctest */,
			);
			name = Products;
			sourceTree = "<group>";
		};
		7DE20A0520D3E94300E10950 /* Willkommen */ = {
			isa = PBXGroup;
			children = (
				7DE20A0620D3E94300E10950 /* AppDelegate.swift */,
				7DE20A0820D3E94300E10950 /* ViewController.swift */,
				7DE20A0A20D3E94300E10950 /* Main.storyboard */,
				7DE20A0D20D3E94400E10950 /* Assets.xcassets */,
				7DE20A0F20D3E94400E10950 /* LaunchScreen.storyboard */,
				7DE20A1220D3E94400E10950 /* Info.plist */,
			);
			path = Willkommen;
			sourceTree = "<group>";
		};
		7DE20A1A20D3E94400E10950 /* WillkommenTests */ = {
			isa = PBXGroup;
			children = (
				7DE20A1B20D3E94400E10950 /* WillkommenTests.swift */,
				7DE20A1D20D3E94400E10950 /* Info.plist */,
			);
			path = WillkommenTests;
			sourceTree = "<group>";
		};
/* End PBXGroup section */

/* Begin PBXNativeTarget section */
		7DE20A0220D3E94300E10950 /* Willkommen */ = {
			isa = PBXNativeTarget;
			buildConfigurationList = 7DE20A2020D3E94400E10950 /* Build configuration list for PBXNativeTarget "Willkommen" */;
			buildPhases = (
				7DE209FF20D3E94300E10950 /* Sources */,
				7DE20A0020D3E94300E10950 /* Frameworks */,
				7DE20A0120D3E94300E10950 /* Resources */,
			);
			buildRules = (
			);
			dependencies = (
			);
			name = Willkommen;
			productName = Willkommen;
			productReference = 7DE20A0320D3E94300E10950 /* Willkommen.app */;
			productType = "com.apple.product-type.application";
		};
		7DE20A1620D3E94400E10950 /* WillkommenTests */ = {
			isa = PBXNativeTarget;
			buildConfigurationList = 7DE20A2320D3E94400E10950 /* Build configuration list for PBXNativeTarget "WillkommenTests" */;
			buildPhases = (
				7DE20A1320D3E94400E10950 /* Sources */,
				7DE20A1420D3E94400E10950 /* Frameworks */,
				7DE20A1520D3E94400E10950 /* Resources */,
			);
			buildRules = (
			);
			dependencies = (
				7DE20A1920D3E94400E10950 /* PBXTargetDependency */,
			);
			name = WillkommenTests;
			productName = WillkommenTests;
			productReference = 7DE20A1720D3E94400E10950 /* WillkommenTests.xctest */;
			productType = "com.apple.product-type.bundle.unit-test";
		};
/* End PBXNativeTarget section */

/* Begin PBXProject section */
		7DE209FB20D3E94300E10950 /* Project object */ = {
			isa = PBXProject;
			attributes = {
				LastSwiftUpdateCheck = 0930;
				LastUpgradeCheck = 0930;
				ORGANIZATIONNAME = "umair salam";
				TargetAttributes = {
					7DE20A0220D3E94300E10950 = {
						CreatedOnToolsVersion = 9.3.1;
					};
					7DE20A1620D3E94400E10950 = {
						CreatedOnToolsVersion = 9.3.1;
						TestTargetID = 7DE20A0220D3E94300E10950;
					};
				};
			};
			buildConfigurationList = 7DE209FE20D3E94300E10950 /* Build configuration list for PBXProject "Willkommen" */;
			compatibilityVersion = "Xcode 9.3";
			developmentRegion = en;
			hasScannedForEncodings = 0;
			knownRegions = (
				en,
				Base,
			);
			mainGroup = 7DE209FA20D3E94300E10950;
			productRefGroup = 7DE20A0420D3E94300E10950 /* Products */;
			projectDirPath = "";
			projectRoot = "";
			targets = (
				7DE20A0220D3E94300E10950 /* Willkommen */,
				7DE20A1620D3E94400E10950 /* WillkommenTests */,
			);
		};
/* End PBXProject section */

/* Begin PBXResourcesBuildPhase section */
		7DE20A0120D3E94300E10950 /* Resources */ = {
			isa = PBXResourcesBuildPhase;
			buildActionMask = 2147483647;
			files = (
				7DE20A1120D3E94400E10950 /* LaunchScreen.storyboard in Resources */,
				7DE20A0E20D3E94400E10950 /* Assets.xcassets in Resources */,
				7DE20A0C20D3E94300E10950 /* Main.storyboard in Resources */,
			);
			runOnlyForDeploymentPostprocessing = 0;
		};
		7DE20A1520D3E94400E10950 /* Resources */ = {
			isa = PBXResourcesBuildPhase;
			buildActionMask = 2147483647;
			files = (
			);
			runOnlyForDeploymentPostprocessing = 0;
		};
/* End PBXResourcesBuildPhase section */

/* Begin PBXSourcesBuildPhase section */
		7DE209FF20D3E94300E10950 /* Sources */ = {
			isa = PBXSourcesBuildPhase;
			buildActionMask = 2147483647;
			files = (
				7DE20A0920D3E94300E10950 /* ViewController.swift in Sources */,
				7DE20A0720D3E94300E10950 /* AppDelegate.swift in Sources */,
			);
			runOnlyForDeploymentPostprocessing = 0;
		};
		7DE20A1320D3E94400E10950 /* Sources */ = {
			isa = PBXSourcesBuildPhase;
			buildActionMask = 2147483647;
			files = (
				7DE20A1C20D3E94400E10950 /* WillkommenTests.swift in Sources */,
			);
			runOnlyForDeploymentPostprocessing = 0;
		};
/* End PBXSourcesBuildPhase section */

/* Begin PBXTargetDependency section */
		7DE20A1920D3E94400E10950 /* PBXTargetDependency */ = {
			isa = PBXTargetDependency;
			target = 7DE20A0220D3E94300E10950 /* Willkommen */;
			targetProxy = 7DE20A1820D3E94400E10950 /* PBXContainerItemProxy */;
		};
/* End PBXTargetDependency section */

/* Begin PBXVariantGroup section */
		7DE20A0A20D3E94300E10950 /* Main.storyboard */ = {
			isa = PBXVariantGroup;
			children = (
				7DE20A0B20D3E94300E10950 /* Base */,
			);
			name = Main.storyboard;
			sourceTree = "<group>";
		};
		7DE20A0F20D3E94400E10950 /* LaunchScreen.storyboard */ = {
			isa = PBXVariantGroup;
			children = (
				7DE20A1020D3E94400E10950 /* Base */,
			);
			name = LaunchScreen.storyboard;
			sourceTree = "<group>";
		};
/* End PBXVariantGroup section */

/* Begin XCBuildConfiguration section */
		7DE20A1E20D3E94400E10950 /* Debug */ = {
			isa = XCBuildConfiguration;
			buildSettings = {
				ALWAYS_SEARCH_USER_PATHS = NO;
				CLANG_ANALYZER_NONNULL = YES;
				CLANG_ANALYZER_NUMBER_OBJECT_CONVERSION = YES_AGGRESSIVE;
				CLANG_CXX_LANGUAGE_STANDARD = "gnu++14";
				CLANG_CXX_LIBRARY = "libc++";
				CLANG_ENABLE_MODULES = YES;
				CLANG_ENABLE_OBJC_ARC = YES;
				CLANG_ENABLE_OBJC_WEAK = YES;
				CLANG_WARN_BLOCK_CAPTURE_AUTORELEASING = YES;
				CLANG_WARN_BOOL_CONVERSION = YES;
				CLANG_WARN_COMMA = YES;
				CLANG_WARN_CONSTANT_CONVERSION = YES;
				CLANG_WARN_DEPRECATED_OBJC_IMPLEMENTATIONS = YES;
				CLANG_WARN_DIRECT_OBJC_ISA_USAGE = YES_ERROR;
				CLANG_WARN_DOCUMENTATION_COMMENTS = YES;
				CLANG_WARN_EMPTY_BODY = YES;
				CLANG_WARN_ENUM_CONVERSION = YES;
				CLANG_WARN_INFINITE_RECURSION = YES;
				CLANG_WARN_INT_CONVERSION = YES;
				CLANG_WARN_NON_LITERAL_NULL_CONVERSION = YES;
				CLANG_WARN_OBJC_IMPLICIT_RETAIN_SELF = YES;
				CLANG_WARN_OBJC_LITERAL_CONVERSION = YES;
				CLANG_WARN_OBJC_ROOT_CLASS = YES_ERROR;
				CLANG_WARN_RANGE_LOOP_ANALYSIS = YES;
				CLANG_WARN_STRICT_PROTOTYPES = YES;
				CLANG_WARN_SUSPICIOUS_MOVE = YES;
				CLANG_WARN_UNGUARDED_AVAILABILITY = YES_AGGRESSIVE;
				CLANG_WARN_UNREACHABLE_CODE = YES;
				CLANG_WARN__DUPLICATE_METHOD_MATCH = YES;
				CODE_SIGN_IDENTITY = "iPhone Developer";
				COPY_PHASE_STRIP = NO;
				DEBUG_INFORMATION_FORMAT = dwarf;
				ENABLE_STRICT_OBJC_MSGSEND = YES;
				ENABLE_TESTABILITY = YES;
				GCC_C_LANGUAGE_STANDARD = gnu11;
				GCC_DYNAMIC_NO_PIC = NO;
				GCC_NO_COMMON_BLOCKS = YES;
				GCC_OPTIMIZATION_LEVEL = 0;
				GCC_PREPROCESSOR_DEFINITIONS = (
					"DEBUG=1",
					"$(inherited)",
				);
				GCC_WARN_64_TO_32_BIT_CONVERSION = YES;
				GCC_WARN_ABOUT_RETURN_TYPE = YES_ERROR;
				GCC_WARN_UNDECLARED_SELECTOR = YES;
				GCC_WARN_UNINITIALIZED_AUTOS = YES_AGGRESSIVE;
				GCC_WARN_UNUSED_FUNCTION = YES;
				GCC_WARN_UNUSED_VARIABLE = YES;
				IPHONEOS_DEPLOYMENT_TARGET = 11.3;
				MTL_ENABLE_DEBUG_INFO = YES;
				ONLY_ACTIVE_ARCH = YES;
				SDKROOT = iphoneos;
				SWIFT_ACTIVE_COMPILATION_CONDITIONS = DEBUG;
				SWIFT_OPTIMIZATION_LEVEL = "-Onone";
			};
			name = Debug;
		};
		7DE20A1F20D3E94400E10950 /* Release */ = {
			isa = XCBuildConfiguration;
			buildSettings = {
				ALWAYS_SEARCH_USER_PATHS = NO;
				CLANG_ANALYZER_NONNULL = YES;
				CLANG_ANALYZER_NUMBER_OBJECT_CONVERSION = YES_AGGRESSIVE;
				CLANG_CXX_LANGUAGE_STANDARD = "gnu++14";
				CLANG_CXX_LIBRARY = "libc++";
				CLANG_ENABLE_MODULES = YES;
				CLANG_ENABLE_OBJC_ARC = YES;
				CLANG_ENABLE_OBJC_WEAK = YES;
				CLANG_WARN_BLOCK_CAPTURE_AUTORELEASING = YES;
				CLANG_WARN_BOOL_CONVERSION = YES;
				CLANG_WARN_COMMA = YES;
				CLANG_WARN_CONSTANT_CONVERSION = YES;
				CLANG_WARN_DEPRECATED_OBJC_IMPLEMENTATIONS = YES;
				CLANG_WARN_DIRECT_OBJC_ISA_USAGE = YES_ERROR;
				CLANG_WARN_DOCUMENTATION_COMMENTS = YES;
				CLANG_WARN_EMPTY_BODY = YES;
				CLANG_WARN_ENUM_CONVERSION = YES;
				CLANG_WARN_INFINITE_RECURSION = YES;
				CLANG_WARN_INT_CONVERSION = YES;
				CLANG_WARN_NON_LITERAL_NULL_CONVERSION = YES;
				CLANG_WARN_OBJC_IMPLICIT_RETAIN_SELF = YES;
				CLANG_WARN_OBJC_LITERAL_CONVERSION = YES;
				CLANG_WARN_OBJC_ROOT_CLASS = YES_ERROR;
				CLANG_WARN_RANGE_LOOP_ANALYSIS = YES;
				CLANG_WARN_STRICT_PROTOTYPES = YES;
				CLANG_WARN_SUSPICIOUS_MOVE = YES;
				CLANG_WARN_UNGUARDED_AVAILABILITY = YES_AGGRESSIVE;
				CLANG_WARN_UNREACHABLE_CODE = YES;
				CLANG_WARN__DUPLICATE_METHOD_MATCH = YES;
				CODE_SIGN_IDENTITY = "iPhone Developer";
				COPY_PHASE_STRIP = NO;
				DEBUG_INFORMATION_FORMAT = "dwarf-with-dsym";
				ENABLE_NS_ASSERTIONS = NO;
				ENABLE_STRICT_OBJC_MSGSEND = YES;
				GCC_C_LANGUAGE_STANDARD = gnu11;
				GCC_NO_COMMON_BLOCKS = YES;
				GCC_WARN_64_TO_32_BIT_CONVERSION = YES;
				GCC_WARN_ABOUT_RETURN_TYPE = YES_ERROR;
				GCC_WARN_UNDECLARED_SELECTOR = YES;
				GCC_WARN_UNINITIALIZED_AUTOS = YES_AGGRESSIVE;
				GCC_WARN_UNUSED_FUNCTION = YES;
				GCC_WARN_UNUSED_VARIABLE = YES;
				IPHONEOS_DEPLOYMENT_TARGET = 11.3;
				MTL_ENABLE_DEBUG_INFO = NO;
				SDKROOT = iphoneos;
				SWIFT_COMPILATION_MODE = wholemodule;
				SWIFT_OPTIMIZATION_LEVEL = "-O";
				VALIDATE_PRODUCT = YES;
			};
			name = Release;
		};
		7DE20A2120D3E94400E10950 /* Debug */ = {
			isa = XCBuildConfiguration;
			buildSettings = {
				ASSETCATALOG_COMPILER_APPICON_NAME = AppIcon;
				CODE_SIGN_STYLE = Automatic;
				DEVELOPMENT_TEAM = 6F5PJ7TBY5;
				INFOPLIST_FILE = Willkommen/Info.plist;
				LD_RUNPATH_SEARCH_PATHS = (
					"$(inherited)",
					"@executable_path/Frameworks",
				);
				PRODUCT_BUNDLE_IDENTIFIER = com.umairsalam.Willkommen;
				PRODUCT_NAME = "$(TARGET_NAME)";
				SWIFT_VERSION = 4.0;
				TARGETED_DEVICE_FAMILY = "1,2";
			};
			name = Debug;
		};
		7DE20A2220D3E94400E10950 /* Release */ = {
			isa = XCBuildConfiguration;
			buildSettings = {
				ASSETCATALOG_COMPILER_APPICON_NAME = AppIcon;
				CODE_SIGN_STYLE = Automatic;
				DEVELOPMENT_TEAM = 6F5PJ7TBY5;
				INFOPLIST_FILE = Willkommen/Info.plist;
				LD_RUNPATH_SEARCH_PATHS = (
					"$(inherited)",
					"@executable_path/Frameworks",
				);
				PRODUCT_BUNDLE_IDENTIFIER = com.umairsalam.Willkommen;
				PRODUCT_NAME = "$(TARGET_NAME)";
				SWIFT_VERSION = 4.0;
				TARGETED_DEVICE_FAMILY = "1,2";
			};
			name = Release;
		};
		7DE20A2420D3E94400E10950 /* Debug */ = {
			isa = XCBuildConfiguration;
			buildSettings = {
				ALWAYS_EMBED_SWIFT_STANDARD_LIBRARIES = YES;
				BUNDLE_LOADER = "$(TEST_HOST)";
				CODE_SIGN_STYLE = Automatic;
				DEVELOPMENT_TEAM = 6F5PJ7TBY5;
				INFOPLIST_FILE = WillkommenTests/Info.plist;
				LD_RUNPATH_SEARCH_PATHS = (
					"$(inherited)",
					"@executable_path/Frameworks",
					"@loader_path/Frameworks",
				);
				PRODUCT_BUNDLE_IDENTIFIER = com.umairsalam.WillkommenTests;
				PRODUCT_NAME = "$(TARGET_NAME)";
				SWIFT_VERSION = 4.0;
				TARGETED_DEVICE_FAMILY = "1,2";
				TEST_HOST = "$(BUILT_PRODUCTS_DIR)/Willkommen.app/Willkommen";
			};
			name = Debug;
		};
		7DE20A2520D3E94400E10950 /* Release */ = {
			isa = XCBuildConfiguration;
			buildSettings = {
				ALWAYS_EMBED_SWIFT_STANDARD_LIBRARIES = YES;
				BUNDLE_LOADER = "$(TEST_HOST)";
				CODE_SIGN_STYLE = Automatic;
				DEVELOPMENT_TEAM = 6F5PJ7TBY5;
				INFOPLIST_FILE = WillkommenTests/Info.plist;
				LD_RUNPATH_SEARCH_PATHS = (
					"$(inherited)",
					"@executable_path/Frameworks",
					"@loader_path/Frameworks",
				);
				PRODUCT_BUNDLE_IDENTIFIER = com.umairsalam.WillkommenTests;
				PRODUCT_NAME = "$(TARGET_NAME)";
				SWIFT_VERSION = 4.0;
				TARGETED_DEVICE_FAMILY = "1,2";
				TEST_HOST = "$(BUILT_PRODUCTS_DIR)/Willkommen.app/Willkommen";
			};
			name = Release;
		};
/* End XCBuildConfiguration section */

/* Begin XCConfigurationList section */
		7DE209FE20D3E94300E10950 /* Build configuration list for PBXProject "Willkommen" */ = {
			isa = XCConfigurationList;
			buildConfigurations = (
				7DE20A1E20D3E94400E10950 /* Debug */,
				7DE20A1F20D3E94400E10950 /* Release */,
			);
			defaultConfigurationIsVisible = 0;
			defaultConfigurationName = Release;
		};
		7DE20A2020D3E94400E10950 /* Build configuration list for PBXNativeTarget "Willkommen" */ = {
			isa = XCConfigurationList;
			buildConfigurations = (
				7DE20A2120D3E94400E10950 /* Debug */,
				7DE20A2220D3E94400E10950 /* Release */,
			);
			defaultConfigurationIsVisible = 0;
			defaultConfigurationName = Release;
		};
		7DE20A2320D3E94400E10950 /* Build configuration list for PBXNativeTarget "WillkommenTests" */ = {
			isa = XCConfigurationList;
			buildConfigurations = (
				7DE20A2420D3E94400E10950 /* Debug */,
				7DE20A2520D3E94400E10950 /* Release */,
			);
			defaultConfigurationIsVisible = 0;
			defaultConfigurationName = Release;
		};
/* End XCConfigurationList section */
	};
	rootObject = 7DE209FB20D3E94300E10950 /* Project object */;
}
